
Microsoft Visual Studio Solution File, Format Version 12.00
# Visual Studio Version 17
VisualStudioVersion = 17.8.34525.116
MinimumVisualStudioVersion = 10.0.40219.1
Project("{9A19103F-16F7-4668-BE54-9A1E7A4F7556}") = "ASPNET_MVC1", "..\ASPNET_MVC1_Day4\ASPNET_MVC1\ASPNET_MVC1.csproj", "{8DFDC78E-FC54-48FA-A10B-3072F53E87E5}"
EndProject
Project("{9A19103F-16F7-4668-BE54-9A1E7A4F7556}") = "ASPNET_MVC.Business", "..\ASPNET_MVC1_Day4\ASPNET_MVC.Business\ASPNET_MVC.Business.csproj", "{181D012C-B690-4F28-89E5-06E2414DAA8F}"
EndProject
Project("{9A19103F-16F7-4668-BE54-9A1E7A4F7556}") = "ASPNET_MVC.Models", "..\ASPNET_MVC1_Day4\ASPNET_MVC.Models\ASPNET_MVC.Models.csproj", "{0199F5FB-A310-4108-9CC8-4C49CCA86C5F}"
EndProject
Global
	GlobalSection(SolutionConfigurationPlatforms) = preSolution
		Debug|Any CPU = Debug|Any CPU
		Release|Any CPU = Release|Any CPU
	EndGlobalSection
	GlobalSection(ProjectConfigurationPlatforms) = postSolution
		{8DFDC78E-FC54-48FA-A10B-3072F53E87E5}.Debug|Any CPU.ActiveCfg = Debug|Any CPU
		{8DFDC78E-FC54-48FA-A10B-3072F53E87E5}.Debug|Any CPU.Build.0 = Debug|Any CPU
		{8DFDC78E-FC54-48FA-A10B-3072F53E87E5}.Release|Any CPU.ActiveCfg = Release|Any CPU
		{8DFDC78E-FC54-48FA-A10B-3072F53E87E5}.Release|Any CPU.Build.0 = Release|Any CPU
		{181D012C-B690-4F28-89E5-06E2414DAA8F}.Debug|Any CPU.ActiveCfg = Debug|Any CPU
		{181D012C-B690-4F28-89E5-06E2414DAA8F}.Debug|Any CPU.Build.0 = Debug|Any CPU
		{181D012C-B690-4F28-89E5-06E2414DAA8F}.Release|Any CPU.ActiveCfg = Release|Any CPU
		{181D012C-B690-4F28-89E5-06E2414DAA8F}.Release|Any CPU.Build.0 = Release|Any CPU
		{0199F5FB-A310-4108-9CC8-4C49CCA86C5F}.Debug|Any CPU.ActiveCfg = Debug|Any CPU
		{0199F5FB-A310-4108-9CC8-4C49CCA86C5F}.Debug|Any CPU.Build.0 = Debug|Any CPU
		{0199F5FB-A310-4108-9CC8-4C49CCA86C5F}.Release|Any CPU.ActiveCfg = Release|Any CPU
		{0199F5FB-A310-4108-9CC8-4C49CCA86C5F}.Release|Any CPU.Build.0 = Release|Any CPU
	EndGlobalSection
	GlobalSection(SolutionProperties) = preSolution
		HideSolutionNode = FALSE
	EndGlobalSection
	GlobalSection(ExtensibilityGlobals) = postSolution
		SolutionGuid = {69AC37C9-091D-4B45-B8E4-C54A83E98950}
	EndGlobalSection
EndGlobal
