
Microsoft Visual Studio Solution File, Format Version 12.00
# Visual Studio Version 17
VisualStudioVersion = 17.8.34525.116
MinimumVisualStudioVersion = 10.0.40219.1
Project("{9A19103F-16F7-4668-BE54-9A1E7A4F7556}") = "Tasks.Api", "Tasks.Api\Tasks.Api.csproj", "{12CBD2B1-3796-41A0-91D0-C2CBBFE72E5D}"
EndProject
Project("{9A19103F-16F7-4668-BE54-9A1E7A4F7556}") = "Tasks.Models", "Tasks.Models\Tasks.Models.csproj", "{74B5C374-FD78-44FB-A33C-0AB3733C9915}"
EndProject
Project("{FAE04EC0-301F-11D3-BF4B-00C04F79EFBC}") = "Tasks.UseCases", "Tasks.UseCases\Tasks.UseCases.csproj", "{D4E37151-1F35-4835-BEE4-2953DF859739}"
EndProject
Global
	GlobalSection(SolutionConfigurationPlatforms) = preSolution
		Debug|Any CPU = Debug|Any CPU
		Release|Any CPU = Release|Any CPU
	EndGlobalSection
	GlobalSection(ProjectConfigurationPlatforms) = postSolution
		{12CBD2B1-3796-41A0-91D0-C2CBBFE72E5D}.Debug|Any CPU.ActiveCfg = Debug|Any CPU
		{12CBD2B1-3796-41A0-91D0-C2CBBFE72E5D}.Debug|Any CPU.Build.0 = Debug|Any CPU
		{12CBD2B1-3796-41A0-91D0-C2CBBFE72E5D}.Release|Any CPU.ActiveCfg = Release|Any CPU
		{12CBD2B1-3796-41A0-91D0-C2CBBFE72E5D}.Release|Any CPU.Build.0 = Release|Any CPU
		{74B5C374-FD78-44FB-A33C-0AB3733C9915}.Debug|Any CPU.ActiveCfg = Debug|Any CPU
		{74B5C374-FD78-44FB-A33C-0AB3733C9915}.Debug|Any CPU.Build.0 = Debug|Any CPU
		{74B5C374-FD78-44FB-A33C-0AB3733C9915}.Release|Any CPU.ActiveCfg = Release|Any CPU
		{74B5C374-FD78-44FB-A33C-0AB3733C9915}.Release|Any CPU.Build.0 = Release|Any CPU
		{D4E37151-1F35-4835-BEE4-2953DF859739}.Debug|Any CPU.ActiveCfg = Debug|Any CPU
		{D4E37151-1F35-4835-BEE4-2953DF859739}.Debug|Any CPU.Build.0 = Debug|Any CPU
		{D4E37151-1F35-4835-BEE4-2953DF859739}.Release|Any CPU.ActiveCfg = Release|Any CPU
		{D4E37151-1F35-4835-BEE4-2953DF859739}.Release|Any CPU.Build.0 = Release|Any CPU
	EndGlobalSection
	GlobalSection(SolutionProperties) = preSolution
		HideSolutionNode = FALSE
	EndGlobalSection
	GlobalSection(ExtensibilityGlobals) = postSolution
		SolutionGuid = {BD5EC90A-0772-4B7A-9F5F-4CDC9E1102F0}
	EndGlobalSection
EndGlobal
